<?xml version="1.0" encoding="utf-8"?>
<Project ToolsVersion="4.0" xmlns="http://schemas.microsoft.com/developer/msbuild/2003">
  <ItemGroup>
    <ClCompile Include="src\scanner.cpp">
      <Filter>scanner</Filter>
    </ClCompile>
    <ClCompile Include="src\main.cpp" />
    <ClCompile Include="src\device.cpp">
      <Filter>device</Filter>
    </ClCompile>
    <ClCompile Include="src\pch.cpp">
      <Filter>pch</Filter>
    </ClCompile>
    <ClCompile Include="src\state.cpp">
      <Filter>state</Filter>
    </ClCompile>
  </ItemGroup>
  <ItemGroup>
    <Filter Include="scanner">
      <UniqueIdentifier>{39075f48-94bc-4e9e-bf51-a90be230a52c}</UniqueIdentifier>
    </Filter>
    <Filter Include="config">
      <UniqueIdentifier>{423db39f-ce54-4a9b-bc39-8569ecfdc4c7}</UniqueIdentifier>
    </Filter>
    <Filter Include="device">
      <UniqueIdentifier>{6a338c8f-56ef-45c8-9a3d-bf7742530006}</UniqueIdentifier>
    </Filter>
    <Filter Include="logger">
      <UniqueIdentifier>{421d1ee5-38ce-4d78-9797-bd1c3a5bbfc6}</UniqueIdentifier>
    </Filter>
    <Filter Include="pch">
      <UniqueIdentifier>{9f8d4406-856f-44b5-bc58-d01b0d6ac693}</UniqueIdentifier>
    </Filter>
    <Filter Include="state">
      <UniqueIdentifier>{0bd25a94-afc9-49c0-accf-d2dc81e29dc9}</UniqueIdentifier>
    </Filter>
  </ItemGroup>
  <ItemGroup>
    <None Include=".clang-format">
      <Filter>config</Filter>
    </None>
  </ItemGroup>
  <ItemGroup>
    <ClInclude Include="include\scanner.h">
      <Filter>scanner</Filter>
    </ClInclude>
    <ClInclude Include="include\device.h">
      <Filter>device</Filter>
    </ClInclude>
    <ClInclude Include="include\logger-configurator.h">
      <Filter>logger</Filter>
    </ClInclude>
    <ClInclude Include="include\logs-dir-path.h">
      <Filter>logger</Filter>
    </ClInclude>
    <ClInclude Include="src\pch.h">
      <Filter>pch</Filter>
    </ClInclude>
    <ClInclude Include="include\state.h">
      <Filter>state</Filter>
    </ClInclude>
  </ItemGroup>
</Project>