<?xml version="1.0" encoding="utf-8"?>
<Project ToolsVersion="4.0" xmlns="http://schemas.microsoft.com/developer/msbuild/2003">
  <ItemGroup>
    <ClCompile Include="main.cpp" />
    <ClCompile Include="src\scanner.cpp">
      <Filter>scanner</Filter>
    </ClCompile>
  </ItemGroup>
  <ItemGroup>
    <Filter Include="scanner">
      <UniqueIdentifier>{39075f48-94bc-4e9e-bf51-a90be230a52c}</UniqueIdentifier>
    </Filter>
    <Filter Include="config">
      <UniqueIdentifier>{423db39f-ce54-4a9b-bc39-8569ecfdc4c7}</UniqueIdentifier>
    </Filter>
  </ItemGroup>
  <ItemGroup>
    <None Include=".clang-format">
      <Filter>config</Filter>
    </None>
  </ItemGroup>
  <ItemGroup>
    <ClInclude Include="include\scanner.h">
      <Filter>scanner</Filter>
    </ClInclude>
  </ItemGroup>
</Project>